
Microsoft Visual Studio Solution File, Format Version 12.00
# Visual Studio Version 17
VisualStudioVersion = 17.2.32516.85
MinimumVisualStudioVersion = 10.0.40219.1
Project("{FAE04EC0-301F-11D3-BF4B-00C04F79EFBC}") = "MultiThread", "MultiThread\MultiThread.csproj", "{CBBDCB4E-A330-4ED1-9E80-37F7E53FB5F2}"
EndProject
Global
	GlobalSection(SolutionConfigurationPlatforms) = preSolution
		Debug|Any CPU = Debug|Any CPU
		Release|Any CPU = Release|Any CPU
	EndGlobalSection
	GlobalSection(ProjectConfigurationPlatforms) = postSolution
		{CBBDCB4E-A330-4ED1-9E80-37F7E53FB5F2}.Debug|Any CPU.ActiveCfg = Debug|Any CPU
		{CBBDCB4E-A330-4ED1-9E80-37F7E53FB5F2}.Debug|Any CPU.Build.0 = Debug|Any CPU
		{CBBDCB4E-A330-4ED1-9E80-37F7E53FB5F2}.Release|Any CPU.ActiveCfg = Release|Any CPU
		{CBBDCB4E-A330-4ED1-9E80-37F7E53FB5F2}.Release|Any CPU.Build.0 = Release|Any CPU
	EndGlobalSection
	GlobalSection(SolutionProperties) = preSolution
		HideSolutionNode = FALSE
	EndGlobalSection
	GlobalSection(ExtensibilityGlobals) = postSolution
		SolutionGuid = {6FF0A8AD-4ED0-4257-8137-C46D4CC1FB7E}
	EndGlobalSection
EndGlobal
